<?xml version="1.0" encoding="UTF-8"?>
<CONFIG>
  <ProjectOptions>
    <Version Value="12"/>
    <PathDelim Value="\"/>
    <General>
      <Flags>
        <MainUnitHasCreateFormStatements Value="False"/>
        <MainUnitHasTitleStatement Value="False"/>
        <MainUnitHasScaledStatement Value="False"/>
        <SaveFoldState Value="False"/>
        <CompatibilityMode Value="True"/>
      </Flags>
      <SessionStorage Value="InProjectDir"/>
      <Title Value="Express"/>
      <UseAppBundle Value="False"/>
      <ResourceType Value="res"/>
    </General>
    <i18n>
      <EnableI18N LFM="False"/>
    </i18n>
    <BuildModes Count="5">
      <Item1 Name="Debug" Default="True"/>
      <Item2 Name="Release64">
        <CompilerOptions>
          <Version Value="11"/>
          <PathDelim Value="\"/>
          <Target>
            <Filename Value="main64"/>
          </Target>
          <SearchPaths>
            <IncludeFiles Value="$(ProjOutDir);compiler;compiler\includes;compiler\includes\misctest"/>
            <OtherUnitFiles Value="compiler;compiler\includes"/>
            <UnitOutputDirectory Value="lib\$(TargetCPU)-$(TargetOS)"/>
          </SearchPaths>
          <Parsing>
            <Style Value="1"/>
            <SyntaxOptions>
              <CStyleMacros Value="True"/>
            </SyntaxOptions>
          </Parsing>
          <CodeGeneration>
            <SmartLinkUnit Value="True"/>
            <Optimizations>
              <OptimizationLevel Value="4"/>
            </Optimizations>
          </CodeGeneration>
          <Linking>
            <Debugging>
              <GenerateDebugInfo Value="False"/>
              <RunWithoutDebug Value="True"/>
              <DebugInfoType Value="dsDwarf2Set"/>
            </Debugging>
            <LinkSmart Value="True"/>
          </Linking>
          <Other>
            <CustomOptions Value="-OoREGVAR
-CfAVX2"/>
          </Other>
        </CompilerOptions>
      </Item2>
      <Item3 Name="Release32">
        <CompilerOptions>
          <Version Value="11"/>
          <PathDelim Value="\"/>
          <Target>
            <Filename Value="main32"/>
          </Target>
          <SearchPaths>
            <IncludeFiles Value="$(ProjOutDir);compiler;compiler\includes"/>
            <OtherUnitFiles Value="compiler;compiler\includes"/>
            <UnitOutputDirectory Value="lib\$(TargetCPU)-$(TargetOS)"/>
          </SearchPaths>
          <Parsing>
            <SyntaxOptions>
              <CStyleMacros Value="True"/>
            </SyntaxOptions>
          </Parsing>
          <CodeGeneration>
            <SmartLinkUnit Value="True"/>
            <TargetCPU Value="i386"/>
            <TargetOS Value="win32"/>
            <Optimizations>
              <OptimizationLevel Value="3"/>
            </Optimizations>
          </CodeGeneration>
          <Linking>
            <Debugging>
              <GenerateDebugInfo Value="False"/>
            </Debugging>
            <LinkSmart Value="True"/>
          </Linking>
          <Other>
            <CustomOptions Value="-OoORDERFIELDS
-OoFASTMATH
-OoPEEPHOLE
-OoCSE"/>
          </Other>
        </CompilerOptions>
      </Item3>
      <Item4 Name="Release32 - fpc2.6.4">
        <CompilerOptions>
          <Version Value="11"/>
          <PathDelim Value="\"/>
          <Target>
            <Filename Value="main32 [fpc2.6.4]"/>
          </Target>
          <SearchPaths>
            <IncludeFiles Value="$(ProjOutDir);compiler;compiler\includes"/>
            <OtherUnitFiles Value="compiler;compiler\includes"/>
            <UnitOutputDirectory Value="lib\$(TargetCPU)-$(TargetOS)"/>
          </SearchPaths>
          <Parsing>
            <SyntaxOptions>
              <CStyleMacros Value="True"/>
            </SyntaxOptions>
          </Parsing>
          <CodeGeneration>
            <SmartLinkUnit Value="True"/>
            <Optimizations>
              <OptimizationLevel Value="3"/>
            </Optimizations>
          </CodeGeneration>
          <Linking>
            <Debugging>
              <GenerateDebugInfo Value="False"/>
            </Debugging>
            <LinkSmart Value="True"/>
          </Linking>
          <Other>
            <CompilerPath Value="C:\lazarus\fpc\2.6.4\bin\i386-Win32\fpc.exe"/>
          </Other>
        </CompilerOptions>
      </Item4>
      <Item5 Name="Test">
        <CompilerOptions>
          <Version Value="11"/>
          <PathDelim Value="\"/>
          <Target>
            <Filename Value="main"/>
          </Target>
          <SearchPaths>
            <IncludeFiles Value="$(ProjOutDir);compiler;compiler\includes"/>
            <OtherUnitFiles Value="compiler;compiler\includes"/>
            <UnitOutputDirectory Value="lib\$(TargetCPU)-$(TargetOS)"/>
          </SearchPaths>
          <Parsing>
            <SyntaxOptions>
              <CStyleMacros Value="True"/>
            </SyntaxOptions>
          </Parsing>
          <CodeGeneration>
            <Optimizations>
              <OptimizationLevel Value="3"/>
            </Optimizations>
          </CodeGeneration>
          <Linking>
            <Debugging>
              <GenerateDebugInfo Value="False"/>
              <DebugInfoType Value="dsDwarf2Set"/>
              <UseExternalDbgSyms Value="True"/>
            </Debugging>
          </Linking>
        </CompilerOptions>
      </Item5>
    </BuildModes>
    <PublishOptions>
      <Version Value="2"/>
    </PublishOptions>
    <RunParams>
      <FormatVersion Value="2"/>
      <Modes Count="1">
        <Mode0 Name="default"/>
      </Modes>
    </RunParams>
    <RequiredPackages Count="1">
      <Item1>
        <PackageName Value="LazUtils"/>
      </Item1>
    </RequiredPackages>
    <Units Count="4">
      <Unit0>
        <Filename Value="main.pas"/>
        <IsPartOfProject Value="True"/>
        <UnitName Value="Main"/>
      </Unit0>
      <Unit1>
        <Filename Value="compiler\header.inc"/>
        <IsPartOfProject Value="True"/>
      </Unit1>
      <Unit2>
        <Filename Value="compiler\includes\op2instr.inc"/>
        <IsPartOfProject Value="True"/>
      </Unit2>
      <Unit3>
        <Filename Value="compiler\xpr.nativebench.pas"/>
        <IsPartOfProject Value="True"/>
      </Unit3>
    </Units>
  </ProjectOptions>
  <CompilerOptions>
    <Version Value="11"/>
    <PathDelim Value="\"/>
    <Target>
      <Filename Value="debug"/>
    </Target>
    <SearchPaths>
      <IncludeFiles Value="$(ProjOutDir);compiler;compiler\includes"/>
      <OtherUnitFiles Value="compiler;compiler\includes"/>
      <UnitOutputDirectory Value="lib\$(TargetCPU)-$(TargetOS)"/>
    </SearchPaths>
    <Parsing>
      <Style Value="1"/>
      <SyntaxOptions>
        <IncludeAssertionCode Value="True"/>
        <CStyleMacros Value="True"/>
      </SyntaxOptions>
    </Parsing>
    <CodeGeneration>
      <Checks>
        <IOChecks Value="True"/>
        <RangeChecks Value="True"/>
        <StackChecks Value="True"/>
      </Checks>
      <VerifyObjMethodCallValidity Value="True"/>
    </CodeGeneration>
    <Linking>
      <Debugging>
        <DebugInfoType Value="dsDwarf2Set"/>
      </Debugging>
    </Linking>
    <Other>
      <CustomOptions Value="-OpCOREAVX2 
-OoREGVAR"/>
    </Other>
  </CompilerOptions>
  <Debugging>
    <Exceptions Count="1">
      <Item1>
        <Name Value="OutOfRangeError"/>
      </Item1>
    </Exceptions>
  </Debugging>
</CONFIG>
